// !$*UTF8*$!
{
	archiveVersion = 1;
	classes = {
	};
	objectVersion = 50;
	objects = {

/* Begin PBXBuildFile section */
		9B6E2E4823C91374007F9524 /* AppDelegate.swift in Sources */ = {isa = PBXBuildFile; fileRef = 9B6E2E4723C91374007F9524 /* AppDelegate.swift */; };
		9B6E2E4A23C91374007F9524 /* SceneDelegate.swift in Sources */ = {isa = PBXBuildFile; fileRef = 9B6E2E4923C91374007F9524 /* SceneDelegate.swift */; };
		9B6E2E4C23C91374007F9524 /* ViewController.swift in Sources */ = {isa = PBXBuildFile; fileRef = 9B6E2E4B23C91374007F9524 /* ViewController.swift */; };
		9B6E2E4F23C91374007F9524 /* Main.storyboard in Resources */ = {isa = PBXBuildFile; fileRef = 9B6E2E4D23C91374007F9524 /* Main.storyboard */; };
		9B6E2E5123C91375007F9524 /* Assets.xcassets in Resources */ = {isa = PBXBuildFile; fileRef = 9B6E2E5023C91375007F9524 /* Assets.xcassets */; };
		9B6E2E5423C91375007F9524 /* LaunchScreen.storyboard in Resources */ = {isa = PBXBuildFile; fileRef = 9B6E2E5223C91375007F9524 /* LaunchScreen.storyboard */; };
		9B6E2E5F23C91375007F9524 /* Overlay_DemoTests.swift in Sources */ = {isa = PBXBuildFile; fileRef = 9B6E2E5E23C91375007F9524 /* Overlay_DemoTests.swift */; };
		9B6E2E6A23C91375007F9524 /* Overlay_DemoUITests.swift in Sources */ = {isa = PBXBuildFile; fileRef = 9B6E2E6923C91375007F9524 /* Overlay_DemoUITests.swift */; };
		9B6E2E7A23C91509007F9524 /* Places.plist in Resources */ = {isa = PBXBuildFile; fileRef = 9B6E2E7923C91509007F9524 /* Places.plist */; };
		9B6E2E7C23C915BC007F9524 /* Place.swift in Sources */ = {isa = PBXBuildFile; fileRef = 9B6E2E7B23C915BC007F9524 /* Place.swift */; };
		9B6E2E8123C916F2007F9524 /* ic_place.png in Resources */ = {isa = PBXBuildFile; fileRef = 9B6E2E7D23C916F2007F9524 /* ic_place.png */; };
		9B6E2E8223C916F2007F9524 /* ic_place_2x.png in Resources */ = {isa = PBXBuildFile; fileRef = 9B6E2E7E23C916F2007F9524 /* ic_place_2x.png */; };
		9B6E2E8323C916F2007F9524 /* ic_place_3x.png in Resources */ = {isa = PBXBuildFile; fileRef = 9B6E2E7F23C916F2007F9524 /* ic_place_3x.png */; };
/* End PBXBuildFile section */

/* Begin PBXContainerItemProxy section */
		9B6E2E5B23C91375007F9524 /* PBXContainerItemProxy */ = {
			isa = PBXContainerItemProxy;
			containerPortal = 9B6E2E3C23C91374007F9524 /* Project object */;
			proxyType = 1;
			remoteGlobalIDString = 9B6E2E4323C91374007F9524;
			remoteInfo = "Overlay Demo";
		};
		9B6E2E6623C91375007F9524 /* PBXContainerItemProxy */ = {
			isa = PBXContainerItemProxy;
			containerPortal = 9B6E2E3C23C91374007F9524 /* Project object */;
			proxyType = 1;
			remoteGlobalIDString = 9B6E2E4323C91374007F9524;
			remoteInfo = "Overlay Demo";
		};
/* End PBXContainerItemProxy section */

/* Begin PBXFileReference section */
		9B6E2E4423C91374007F9524 /* Overlay Demo.app */ = {isa = PBXFileReference; explicitFileType = wrapper.application; includeInIndex = 0; path = "Overlay Demo.app"; sourceTree = BUILT_PRODUCTS_DIR; };
		9B6E2E4723C91374007F9524 /* AppDelegate.swift */ = {isa = PBXFileReference; lastKnownFileType = sourcecode.swift; path = AppDelegate.swift; sourceTree = "<group>"; };
		9B6E2E4923C91374007F9524 /* SceneDelegate.swift */ = {isa = PBXFileReference; lastKnownFileType = sourcecode.swift; path = SceneDelegate.swift; sourceTree = "<group>"; };
		9B6E2E4B23C91374007F9524 /* ViewController.swift */ = {isa = PBXFileReference; lastKnownFileType = sourcecode.swift; path = ViewController.swift; sourceTree = "<group>"; };
		9B6E2E4E23C91374007F9524 /* Base */ = {isa = PBXFileReference; lastKnownFileType = file.storyboard; name = Base; path = Base.lproj/Main.storyboard; sourceTree = "<group>"; };
		9B6E2E5023C91375007F9524 /* Assets.xcassets */ = {isa = PBXFileReference; lastKnownFileType = folder.assetcatalog; path = Assets.xcassets; sourceTree = "<group>"; };
		9B6E2E5323C91375007F9524 /* Base */ = {isa = PBXFileReference; lastKnownFileType = file.storyboard; name = Base; path = Base.lproj/LaunchScreen.storyboard; sourceTree = "<group>"; };
		9B6E2E5523C91375007F9524 /* Info.plist */ = {isa = PBXFileReference; lastKnownFileType = text.plist.xml; path = Info.plist; sourceTree = "<group>"; };
		9B6E2E5A23C91375007F9524 /* Overlay DemoTests.xctest */ = {isa = PBXFileReference; explicitFileType = wrapper.cfbundle; includeInIndex = 0; path = "Overlay DemoTests.xctest"; sourceTree = BUILT_PRODUCTS_DIR; };
		9B6E2E5E23C91375007F9524 /* Overlay_DemoTests.swift */ = {isa = PBXFileReference; lastKnownFileType = sourcecode.swift; path = Overlay_DemoTests.swift; sourceTree = "<group>"; };
		9B6E2E6023C91375007F9524 /* Info.plist */ = {isa = PBXFileReference; lastKnownFileType = text.plist.xml; path = Info.plist; sourceTree = "<group>"; };
		9B6E2E6523C91375007F9524 /* Overlay DemoUITests.xctest */ = {isa = PBXFileReference; explicitFileType = wrapper.cfbundle; includeInIndex = 0; path = "Overlay DemoUITests.xctest"; sourceTree = BUILT_PRODUCTS_DIR; };
		9B6E2E6923C91375007F9524 /* Overlay_DemoUITests.swift */ = {isa = PBXFileReference; lastKnownFileType = sourcecode.swift; path = Overlay_DemoUITests.swift; sourceTree = "<group>"; };
		9B6E2E6B23C91375007F9524 /* Info.plist */ = {isa = PBXFileReference; lastKnownFileType = text.plist.xml; path = Info.plist; sourceTree = "<group>"; };
		9B6E2E7923C91509007F9524 /* Places.plist */ = {isa = PBXFileReference; fileEncoding = 4; lastKnownFileType = text.plist.xml; path = Places.plist; sourceTree = "<group>"; };
		9B6E2E7B23C915BC007F9524 /* Place.swift */ = {isa = PBXFileReference; fileEncoding = 4; lastKnownFileType = sourcecode.swift; path = Place.swift; sourceTree = "<group>"; };
		9B6E2E7D23C916F2007F9524 /* ic_place.png */ = {isa = PBXFileReference; lastKnownFileType = image.png; path = ic_place.png; sourceTree = "<group>"; };
		9B6E2E7E23C916F2007F9524 /* ic_place_2x.png */ = {isa = PBXFileReference; lastKnownFileType = image.png; path = ic_place_2x.png; sourceTree = "<group>"; };
		9B6E2E7F23C916F2007F9524 /* ic_place_3x.png */ = {isa = PBXFileReference; lastKnownFileType = image.png; path = ic_place_3x.png; sourceTree = "<group>"; };
/* End PBXFileReference section */

/* Begin PBXFrameworksBuildPhase section */
		9B6E2E4123C91374007F9524 /* Frameworks */ = {
			isa = PBXFrameworksBuildPhase;
			buildActionMask = 2147483647;
			files = (
			);
			runOnlyForDeploymentPostprocessing = 0;
		};
		9B6E2E5723C91375007F9524 /* Frameworks */ = {
			isa = PBXFrameworksBuildPhase;
			buildActionMask = 2147483647;
			files = (
			);
			runOnlyForDeploymentPostprocessing = 0;
		};
		9B6E2E6223C91375007F9524 /* Frameworks */ = {
			isa = PBXFrameworksBuildPhase;
			buildActionMask = 2147483647;
			files = (
			);
			runOnlyForDeploymentPostprocessing = 0;
		};
/* End PBXFrameworksBuildPhase section */

/* Begin PBXGroup section */
		9B6E2E3B23C91374007F9524 = {
			isa = PBXGroup;
			children = (
				9B6E2E4623C91374007F9524 /* Overlay Demo */,
				9B6E2E5D23C91375007F9524 /* Overlay DemoTests */,
				9B6E2E6823C91375007F9524 /* Overlay DemoUITests */,
				9B6E2E4523C91374007F9524 /* Products */,
			);
			sourceTree = "<group>";
		};
		9B6E2E4523C91374007F9524 /* Products */ = {
			isa = PBXGroup;
			children = (
				9B6E2E4423C91374007F9524 /* Overlay Demo.app */,
				9B6E2E5A23C91375007F9524 /* Overlay DemoTests.xctest */,
				9B6E2E6523C91375007F9524 /* Overlay DemoUITests.xctest */,
			);
			name = Products;
			sourceTree = "<group>";
		};
		9B6E2E4623C91374007F9524 /* Overlay Demo */ = {
			isa = PBXGroup;
			children = (
				9B6E2E4723C91374007F9524 /* AppDelegate.swift */,
				9B6E2E4923C91374007F9524 /* SceneDelegate.swift */,
				9B6E2E4B23C91374007F9524 /* ViewController.swift */,
				9B6E2E4D23C91374007F9524 /* Main.storyboard */,
				9B6E2E5023C91375007F9524 /* Assets.xcassets */,
				9B6E2E7E23C916F2007F9524 /* ic_place_2x.png */,
				9B6E2E7D23C916F2007F9524 /* ic_place.png */,
				9B6E2E7F23C916F2007F9524 /* ic_place_3x.png */,
				9B6E2E5223C91375007F9524 /* LaunchScreen.storyboard */,
				9B6E2E5523C91375007F9524 /* Info.plist */,
				9B6E2E7923C91509007F9524 /* Places.plist */,
				9B6E2E7B23C915BC007F9524 /* Place.swift */,
			);
			path = "Overlay Demo";
			sourceTree = "<group>";
		};
		9B6E2E5D23C91375007F9524 /* Overlay DemoTests */ = {
			isa = PBXGroup;
			children = (
				9B6E2E5E23C91375007F9524 /* Overlay_DemoTests.swift */,
				9B6E2E6023C91375007F9524 /* Info.plist */,
			);
			path = "Overlay DemoTests";
			sourceTree = "<group>";
		};
		9B6E2E6823C91375007F9524 /* Overlay DemoUITests */ = {
			isa = PBXGroup;
			children = (
				9B6E2E6923C91375007F9524 /* Overlay_DemoUITests.swift */,
				9B6E2E6B23C91375007F9524 /* Info.plist */,
			);
			path = "Overlay DemoUITests";
			sourceTree = "<group>";
		};
/* End PBXGroup section */

/* Begin PBXNativeTarget section */
		9B6E2E4323C91374007F9524 /* Overlay Demo */ = {
			isa = PBXNativeTarget;
			buildConfigurationList = 9B6E2E6E23C91375007F9524 /* Build configuration list for PBXNativeTarget "Overlay Demo" */;
			buildPhases = (
				9B6E2E4023C91374007F9524 /* Sources */,
				9B6E2E4123C91374007F9524 /* Frameworks */,
				9B6E2E4223C91374007F9524 /* Resources */,
			);
			buildRules = (
			);
			dependencies = (
			);
			name = "Overlay Demo";
			productName = "Overlay Demo";
			productReference = 9B6E2E4423C91374007F9524 /* Overlay Demo.app */;
			productType = "com.apple.product-type.application";
		};
		9B6E2E5923C91375007F9524 /* Overlay DemoTests */ = {
			isa = PBXNativeTarget;
			buildConfigurationList = 9B6E2E7123C91375007F9524 /* Build configuration list for PBXNativeTarget "Overlay DemoTests" */;
			buildPhases = (
				9B6E2E5623C91375007F9524 /* Sources */,
				9B6E2E5723C91375007F9524 /* Frameworks */,
				9B6E2E5823C91375007F9524 /* Resources */,
			);
			buildRules = (
			);
			dependencies = (
				9B6E2E5C23C91375007F9524 /* PBXTargetDependency */,
			);
			name = "Overlay DemoTests";
			productName = "Overlay DemoTests";
			productReference = 9B6E2E5A23C91375007F9524 /* Overlay DemoTests.xctest */;
			productType = "com.apple.product-type.bundle.unit-test";
		};
		9B6E2E6423C91375007F9524 /* Overlay DemoUITests */ = {
			isa = PBXNativeTarget;
			buildConfigurationList = 9B6E2E7423C91375007F9524 /* Build configuration list for PBXNativeTarget "Overlay DemoUITests" */;
			buildPhases = (
				9B6E2E6123C91375007F9524 /* Sources */,
				9B6E2E6223C91375007F9524 /* Frameworks */,
				9B6E2E6323C91375007F9524 /* Resources */,
			);
			buildRules = (
			);
			dependencies = (
				9B6E2E6723C91375007F9524 /* PBXTargetDependency */,
			);
			name = "Overlay DemoUITests";
			productName = "Overlay DemoUITests";
			productReference = 9B6E2E6523C91375007F9524 /* Overlay DemoUITests.xctest */;
			productType = "com.apple.product-type.bundle.ui-testing";
		};
/* End PBXNativeTarget section */

/* Begin PBXProject section */
		9B6E2E3C23C91374007F9524 /* Project object */ = {
			isa = PBXProject;
			attributes = {
				LastSwiftUpdateCheck = 1130;
				LastUpgradeCheck = 1130;
				ORGANIZATIONNAME = MacStudent;
				TargetAttributes = {
					9B6E2E4323C91374007F9524 = {
						CreatedOnToolsVersion = 11.3;
					};
					9B6E2E5923C91375007F9524 = {
						CreatedOnToolsVersion = 11.3;
						TestTargetID = 9B6E2E4323C91374007F9524;
					};
					9B6E2E6423C91375007F9524 = {
						CreatedOnToolsVersion = 11.3;
						TestTargetID = 9B6E2E4323C91374007F9524;
					};
				};
			};
			buildConfigurationList = 9B6E2E3F23C91374007F9524 /* Build configuration list for PBXProject "Overlay Demo" */;
			compatibilityVersion = "Xcode 9.3";
			developmentRegion = en;
			hasScannedForEncodings = 0;
			knownRegions = (
				en,
				Base,
			);
			mainGroup = 9B6E2E3B23C91374007F9524;
			productRefGroup = 9B6E2E4523C91374007F9524 /* Products */;
			projectDirPath = "";
			projectRoot = "";
			targets = (
				9B6E2E4323C91374007F9524 /* Overlay Demo */,
				9B6E2E5923C91375007F9524 /* Overlay DemoTests */,
				9B6E2E6423C91375007F9524 /* Overlay DemoUITests */,
			);
		};
/* End PBXProject section */

/* Begin PBXResourcesBuildPhase section */
		9B6E2E4223C91374007F9524 /* Resources */ = {
			isa = PBXResourcesBuildPhase;
			buildActionMask = 2147483647;
			files = (
				9B6E2E5423C91375007F9524 /* LaunchScreen.storyboard in Resources */,
				9B6E2E7A23C91509007F9524 /* Places.plist in Resources */,
				9B6E2E5123C91375007F9524 /* Assets.xcassets in Resources */,
				9B6E2E8223C916F2007F9524 /* ic_place_2x.png in Resources */,
				9B6E2E8323C916F2007F9524 /* ic_place_3x.png in Resources */,
				9B6E2E4F23C91374007F9524 /* Main.storyboard in Resources */,
				9B6E2E8123C916F2007F9524 /* ic_place.png in Resources */,
			);
			runOnlyForDeploymentPostprocessing = 0;
		};
		9B6E2E5823C91375007F9524 /* Resources */ = {
			isa = PBXResourcesBuildPhase;
			buildActionMask = 2147483647;
			files = (
			);
			runOnlyForDeploymentPostprocessing = 0;
		};
		9B6E2E6323C91375007F9524 /* Resources */ = {
			isa = PBXResourcesBuildPhase;
			buildActionMask = 2147483647;
			files = (
			);
			runOnlyForDeploymentPostprocessing = 0;
		};
/* End PBXResourcesBuildPhase section */

/* Begin PBXSourcesBuildPhase section */
		9B6E2E4023C91374007F9524 /* Sources */ = {
			isa = PBXSourcesBuildPhase;
			buildActionMask = 2147483647;
			files = (
				9B6E2E4C23C91374007F9524 /* ViewController.swift in Sources */,
				9B6E2E4823C91374007F9524 /* AppDelegate.swift in Sources */,
				9B6E2E4A23C91374007F9524 /* SceneDelegate.swift in Sources */,
				9B6E2E7C23C915BC007F9524 /* Place.swift in Sources */,
			);
			runOnlyForDeploymentPostprocessing = 0;
		};
		9B6E2E5623C91375007F9524 /* Sources */ = {
			isa = PBXSourcesBuildPhase;
			buildActionMask = 2147483647;
			files = (
				9B6E2E5F23C91375007F9524 /* Overlay_DemoTests.swift in Sources */,
			);
			runOnlyForDeploymentPostprocessing = 0;
		};
		9B6E2E6123C91375007F9524 /* Sources */ = {
			isa = PBXSourcesBuildPhase;
			buildActionMask = 2147483647;
			files = (
				9B6E2E6A23C91375007F9524 /* Overlay_DemoUITests.swift in Sources */,
			);
			runOnlyForDeploymentPostprocessing = 0;
		};
/* End PBXSourcesBuildPhase section */

/* Begin PBXTargetDependency section */
		9B6E2E5C23C91375007F9524 /* PBXTargetDependency */ = {
			isa = PBXTargetDependency;
			target = 9B6E2E4323C91374007F9524 /* Overlay Demo */;
			targetProxy = 9B6E2E5B23C91375007F9524 /* PBXContainerItemProxy */;
		};
		9B6E2E6723C91375007F9524 /* PBXTargetDependency */ = {
			isa = PBXTargetDependency;
			target = 9B6E2E4323C91374007F9524 /* Overlay Demo */;
			targetProxy = 9B6E2E6623C91375007F9524 /* PBXContainerItemProxy */;
		};
/* End PBXTargetDependency section */

/* Begin PBXVariantGroup section */
		9B6E2E4D23C91374007F9524 /* Main.storyboard */ = {
			isa = PBXVariantGroup;
			children = (
				9B6E2E4E23C91374007F9524 /* Base */,
			);
			name = Main.storyboard;
			sourceTree = "<group>";
		};
		9B6E2E5223C91375007F9524 /* LaunchScreen.storyboard */ = {
			isa = PBXVariantGroup;
			children = (
				9B6E2E5323C91375007F9524 /* Base */,
			);
			name = LaunchScreen.storyboard;
			sourceTree = "<group>";
		};
/* End PBXVariantGroup section */

/* Begin XCBuildConfiguration section */
		9B6E2E6C23C91375007F9524 /* Debug */ = {
			isa = XCBuildConfiguration;
			buildSettings = {
				ALWAYS_SEARCH_USER_PATHS = NO;
				CLANG_ANALYZER_NONNULL = YES;
				CLANG_ANALYZER_NUMBER_OBJECT_CONVERSION = YES_AGGRESSIVE;
				CLANG_CXX_LANGUAGE_STANDARD = "gnu++14";
				CLANG_CXX_LIBRARY = "libc++";
				CLANG_ENABLE_MODULES = YES;
				CLANG_ENABLE_OBJC_ARC = YES;
				CLANG_ENABLE_OBJC_WEAK = YES;
				CLANG_WARN_BLOCK_CAPTURE_AUTORELEASING = YES;
				CLANG_WARN_BOOL_CONVERSION = YES;
				CLANG_WARN_COMMA = YES;
				CLANG_WARN_CONSTANT_CONVERSION = YES;
				CLANG_WARN_DEPRECATED_OBJC_IMPLEMENTATIONS = YES;
				CLANG_WARN_DIRECT_OBJC_ISA_USAGE = YES_ERROR;
				CLANG_WARN_DOCUMENTATION_COMMENTS = YES;
				CLANG_WARN_EMPTY_BODY = YES;
				CLANG_WARN_ENUM_CONVERSION = YES;
				CLANG_WARN_INFINITE_RECURSION = YES;
				CLANG_WARN_INT_CONVERSION = YES;
				CLANG_WARN_NON_LITERAL_NULL_CONVERSION = YES;
				CLANG_WARN_OBJC_IMPLICIT_RETAIN_SELF = YES;
				CLANG_WARN_OBJC_LITERAL_CONVERSION = YES;
				CLANG_WARN_OBJC_ROOT_CLASS = YES_ERROR;
				CLANG_WARN_RANGE_LOOP_ANALYSIS = YES;
				CLANG_WARN_STRICT_PROTOTYPES = YES;
				CLANG_WARN_SUSPICIOUS_MOVE = YES;
				CLANG_WARN_UNGUARDED_AVAILABILITY = YES_AGGRESSIVE;
				CLANG_WARN_UNREACHABLE_CODE = YES;
				CLANG_WARN__DUPLICATE_METHOD_MATCH = YES;
				COPY_PHASE_STRIP = NO;
				DEBUG_INFORMATION_FORMAT = dwarf;
				ENABLE_STRICT_OBJC_MSGSEND = YES;
				ENABLE_TESTABILITY = YES;
				GCC_C_LANGUAGE_STANDARD = gnu11;
				GCC_DYNAMIC_NO_PIC = NO;
				GCC_NO_COMMON_BLOCKS = YES;
				GCC_OPTIMIZATION_LEVEL = 0;
				GCC_PREPROCESSOR_DEFINITIONS = (
					"DEBUG=1",
					"$(inherited)",
				);
				GCC_WARN_64_TO_32_BIT_CONVERSION = YES;
				GCC_WARN_ABOUT_RETURN_TYPE = YES_ERROR;
				GCC_WARN_UNDECLARED_SELECTOR = YES;
				GCC_WARN_UNINITIALIZED_AUTOS = YES_AGGRESSIVE;
				GCC_WARN_UNUSED_FUNCTION = YES;
				GCC_WARN_UNUSED_VARIABLE = YES;
				IPHONEOS_DEPLOYMENT_TARGET = 13.2;
				MTL_ENABLE_DEBUG_INFO = INCLUDE_SOURCE;
				MTL_FAST_MATH = YES;
				ONLY_ACTIVE_ARCH = YES;
				SDKROOT = iphoneos;
				SWIFT_ACTIVE_COMPILATION_CONDITIONS = DEBUG;
				SWIFT_OPTIMIZATION_LEVEL = "-Onone";
			};
			name = Debug;
		};
		9B6E2E6D23C91375007F9524 /* Release */ = {
			isa = XCBuildConfiguration;
			buildSettings = {
				ALWAYS_SEARCH_USER_PATHS = NO;
				CLANG_ANALYZER_NONNULL = YES;
				CLANG_ANALYZER_NUMBER_OBJECT_CONVERSION = YES_AGGRESSIVE;
				CLANG_CXX_LANGUAGE_STANDARD = "gnu++14";
				CLANG_CXX_LIBRARY = "libc++";
				CLANG_ENABLE_MODULES = YES;
				CLANG_ENABLE_OBJC_ARC = YES;
				CLANG_ENABLE_OBJC_WEAK = YES;
				CLANG_WARN_BLOCK_CAPTURE_AUTORELEASING = YES;
				CLANG_WARN_BOOL_CONVERSION = YES;
				CLANG_WARN_COMMA = YES;
				CLANG_WARN_CONSTANT_CONVERSION = YES;
				CLANG_WARN_DEPRECATED_OBJC_IMPLEMENTATIONS = YES;
				CLANG_WARN_DIRECT_OBJC_ISA_USAGE = YES_ERROR;
				CLANG_WARN_DOCUMENTATION_COMMENTS = YES;
				CLANG_WARN_EMPTY_BODY = YES;
				CLANG_WARN_ENUM_CONVERSION = YES;
				CLANG_WARN_INFINITE_RECURSION = YES;
				CLANG_WARN_INT_CONVERSION = YES;
				CLANG_WARN_NON_LITERAL_NULL_CONVERSION = YES;
				CLANG_WARN_OBJC_IMPLICIT_RETAIN_SELF = YES;
				CLANG_WARN_OBJC_LITERAL_CONVERSION = YES;
				CLANG_WARN_OBJC_ROOT_CLASS = YES_ERROR;
				CLANG_WARN_RANGE_LOOP_ANALYSIS = YES;
				CLANG_WARN_STRICT_PROTOTYPES = YES;
				CLANG_WARN_SUSPICIOUS_MOVE = YES;
				CLANG_WARN_UNGUARDED_AVAILABILITY = YES_AGGRESSIVE;
				CLANG_WARN_UNREACHABLE_CODE = YES;
				CLANG_WARN__DUPLICATE_METHOD_MATCH = YES;
				COPY_PHASE_STRIP = NO;
				DEBUG_INFORMATION_FORMAT = "dwarf-with-dsym";
				ENABLE_NS_ASSERTIONS = NO;
				ENABLE_STRICT_OBJC_MSGSEND = YES;
				GCC_C_LANGUAGE_STANDARD = gnu11;
				GCC_NO_COMMON_BLOCKS = YES;
				GCC_WARN_64_TO_32_BIT_CONVERSION = YES;
				GCC_WARN_ABOUT_RETURN_TYPE = YES_ERROR;
				GCC_WARN_UNDECLARED_SELECTOR = YES;
				GCC_WARN_UNINITIALIZED_AUTOS = YES_AGGRESSIVE;
				GCC_WARN_UNUSED_FUNCTION = YES;
				GCC_WARN_UNUSED_VARIABLE = YES;
				IPHONEOS_DEPLOYMENT_TARGET = 13.2;
				MTL_ENABLE_DEBUG_INFO = NO;
				MTL_FAST_MATH = YES;
				SDKROOT = iphoneos;
				SWIFT_COMPILATION_MODE = wholemodule;
				SWIFT_OPTIMIZATION_LEVEL = "-O";
				VALIDATE_PRODUCT = YES;
			};
			name = Release;
		};
		9B6E2E6F23C91375007F9524 /* Debug */ = {
			isa = XCBuildConfiguration;
			buildSettings = {
				ASSETCATALOG_COMPILER_APPICON_NAME = AppIcon;
				CODE_SIGN_STYLE = Automatic;
				INFOPLIST_FILE = "Overlay Demo/Info.plist";
				LD_RUNPATH_SEARCH_PATHS = (
					"$(inherited)",
					"@executable_path/Frameworks",
				);
				PRODUCT_BUNDLE_IDENTIFIER = "CestarCollege.Overlay-Demo";
				PRODUCT_NAME = "$(TARGET_NAME)";
				SWIFT_VERSION = 5.0;
				TARGETED_DEVICE_FAMILY = "1,2";
			};
			name = Debug;
		};
		9B6E2E7023C91375007F9524 /* Release */ = {
			isa = XCBuildConfiguration;
			buildSettings = {
				ASSETCATALOG_COMPILER_APPICON_NAME = AppIcon;
				CODE_SIGN_STYLE = Automatic;
				INFOPLIST_FILE = "Overlay Demo/Info.plist";
				LD_RUNPATH_SEARCH_PATHS = (
					"$(inherited)",
					"@executable_path/Frameworks",
				);
				PRODUCT_BUNDLE_IDENTIFIER = "CestarCollege.Overlay-Demo";
				PRODUCT_NAME = "$(TARGET_NAME)";
				SWIFT_VERSION = 5.0;
				TARGETED_DEVICE_FAMILY = "1,2";
			};
			name = Release;
		};
		9B6E2E7223C91375007F9524 /* Debug */ = {
			isa = XCBuildConfiguration;
			buildSettings = {
				ALWAYS_EMBED_SWIFT_STANDARD_LIBRARIES = YES;
				BUNDLE_LOADER = "$(TEST_HOST)";
				CODE_SIGN_STYLE = Automatic;
				INFOPLIST_FILE = "Overlay DemoTests/Info.plist";
				IPHONEOS_DEPLOYMENT_TARGET = 13.2;
				LD_RUNPATH_SEARCH_PATHS = (
					"$(inherited)",
					"@executable_path/Frameworks",
					"@loader_path/Frameworks",
				);
				PRODUCT_BUNDLE_IDENTIFIER = "CestarCollege.Overlay-DemoTests";
				PRODUCT_NAME = "$(TARGET_NAME)";
				SWIFT_VERSION = 5.0;
				TARGETED_DEVICE_FAMILY = "1,2";
				TEST_HOST = "$(BUILT_PRODUCTS_DIR)/Overlay Demo.app/Overlay Demo";
			};
			name = Debug;
		};
		9B6E2E7323C91375007F9524 /* Release */ = {
			isa = XCBuildConfiguration;
			buildSettings = {
				ALWAYS_EMBED_SWIFT_STANDARD_LIBRARIES = YES;
				BUNDLE_LOADER = "$(TEST_HOST)";
				CODE_SIGN_STYLE = Automatic;
				INFOPLIST_FILE = "Overlay DemoTests/Info.plist";
				IPHONEOS_DEPLOYMENT_TARGET = 13.2;
				LD_RUNPATH_SEARCH_PATHS = (
					"$(inherited)",
					"@executable_path/Frameworks",
					"@loader_path/Frameworks",
				);
				PRODUCT_BUNDLE_IDENTIFIER = "CestarCollege.Overlay-DemoTests";
				PRODUCT_NAME = "$(TARGET_NAME)";
				SWIFT_VERSION = 5.0;
				TARGETED_DEVICE_FAMILY = "1,2";
				TEST_HOST = "$(BUILT_PRODUCTS_DIR)/Overlay Demo.app/Overlay Demo";
			};
			name = Release;
		};
		9B6E2E7523C91375007F9524 /* Debug */ = {
			isa = XCBuildConfiguration;
			buildSettings = {
				ALWAYS_EMBED_SWIFT_STANDARD_LIBRARIES = YES;
				CODE_SIGN_STYLE = Automatic;
				INFOPLIST_FILE = "Overlay DemoUITests/Info.plist";
				LD_RUNPATH_SEARCH_PATHS = (
					"$(inherited)",
					"@executable_path/Frameworks",
					"@loader_path/Frameworks",
				);
				PRODUCT_BUNDLE_IDENTIFIER = "CestarCollege.Overlay-DemoUITests";
				PRODUCT_NAME = "$(TARGET_NAME)";
				SWIFT_VERSION = 5.0;
				TARGETED_DEVICE_FAMILY = "1,2";
				TEST_TARGET_NAME = "Overlay Demo";
			};
			name = Debug;
		};
		9B6E2E7623C91375007F9524 /* Release */ = {
			isa = XCBuildConfiguration;
			buildSettings = {
				ALWAYS_EMBED_SWIFT_STANDARD_LIBRARIES = YES;
				CODE_SIGN_STYLE = Automatic;
				INFOPLIST_FILE = "Overlay DemoUITests/Info.plist";
				LD_RUNPATH_SEARCH_PATHS = (
					"$(inherited)",
					"@executable_path/Frameworks",
					"@loader_path/Frameworks",
				);
				PRODUCT_BUNDLE_IDENTIFIER = "CestarCollege.Overlay-DemoUITests";
				PRODUCT_NAME = "$(TARGET_NAME)";
				SWIFT_VERSION = 5.0;
				TARGETED_DEVICE_FAMILY = "1,2";
				TEST_TARGET_NAME = "Overlay Demo";
			};
			name = Release;
		};
/* End XCBuildConfiguration section */

/* Begin XCConfigurationList section */
		9B6E2E3F23C91374007F9524 /* Build configuration list for PBXProject "Overlay Demo" */ = {
			isa = XCConfigurationList;
			buildConfigurations = (
				9B6E2E6C23C91375007F9524 /* Debug */,
				9B6E2E6D23C91375007F9524 /* Release */,
			);
			defaultConfigurationIsVisible = 0;
			defaultConfigurationName = Release;
		};
		9B6E2E6E23C91375007F9524 /* Build configuration list for PBXNativeTarget "Overlay Demo" */ = {
			isa = XCConfigurationList;
			buildConfigurations = (
				9B6E2E6F23C91375007F9524 /* Debug */,
				9B6E2E7023C91375007F9524 /* Release */,
			);
			defaultConfigurationIsVisible = 0;
			defaultConfigurationName = Release;
		};
		9B6E2E7123C91375007F9524 /* Build configuration list for PBXNativeTarget "Overlay DemoTests" */ = {
			isa = XCConfigurationList;
			buildConfigurations = (
				9B6E2E7223C91375007F9524 /* Debug */,
				9B6E2E7323C91375007F9524 /* Release */,
			);
			defaultConfigurationIsVisible = 0;
			defaultConfigurationName = Release;
		};
		9B6E2E7423C91375007F9524 /* Build configuration list for PBXNativeTarget "Overlay DemoUITests" */ = {
			isa = XCConfigurationList;
			buildConfigurations = (
				9B6E2E7523C91375007F9524 /* Debug */,
				9B6E2E7623C91375007F9524 /* Release */,
			);
			defaultConfigurationIsVisible = 0;
			defaultConfigurationName = Release;
		};
/* End XCConfigurationList section */
	};
	rootObject = 9B6E2E3C23C91374007F9524 /* Project object */;
}
